
Microsoft Visual Studio Solution File, Format Version 12.00
# Visual Studio Version 17
VisualStudioVersion = 17.5.002.0
MinimumVisualStudioVersion = 10.0.40219.1
Project("{2150E333-8FDC-42A3-9474-1A3956D46DE8}") = "dafny", "dafny", "{4D7B88AF-C830-447B-B1BE-67EE5E6EBB36}"
EndProject
Project("{9A19103F-16F7-4668-BE54-9A1E7A4F7556}") = "tasks_2024", "dafny\2024\tasks_2024.csproj", "{7AA8C381-A799-4030-8438-8135CA3072D1}"
EndProject
Global
	GlobalSection(SolutionConfigurationPlatforms) = preSolution
		Debug|Any CPU = Debug|Any CPU
		Release|Any CPU = Release|Any CPU
	EndGlobalSection
	GlobalSection(ProjectConfigurationPlatforms) = postSolution
		{7AA8C381-A799-4030-8438-8135CA3072D1}.Debug|Any CPU.ActiveCfg = Debug|Any CPU
		{7AA8C381-A799-4030-8438-8135CA3072D1}.Debug|Any CPU.Build.0 = Debug|Any CPU
		{7AA8C381-A799-4030-8438-8135CA3072D1}.Release|Any CPU.ActiveCfg = Release|Any CPU
		{7AA8C381-A799-4030-8438-8135CA3072D1}.Release|Any CPU.Build.0 = Release|Any CPU
	EndGlobalSection
	GlobalSection(SolutionProperties) = preSolution
		HideSolutionNode = FALSE
	EndGlobalSection
	GlobalSection(NestedProjects) = preSolution
		{7AA8C381-A799-4030-8438-8135CA3072D1} = {4D7B88AF-C830-447B-B1BE-67EE5E6EBB36}
	EndGlobalSection
	GlobalSection(ExtensibilityGlobals) = postSolution
		SolutionGuid = {64CC7537-1CAB-40AC-8303-93D2707C5789}
	EndGlobalSection
EndGlobal
